
Microsoft Visual Studio Solution File, Format Version 12.00
# Visual Studio Version 17
VisualStudioVersion = 17.13.35828.75
MinimumVisualStudioVersion = 10.0.40219.1
Project("{2150E333-8FDC-42A3-9474-1A3956D46DE8}") = "Services", "Services", "{02EA681E-C7D8-13C7-8484-4AC65E1B71E8}"
EndProject
Project("{2150E333-8FDC-42A3-9474-1A3956D46DE8}") = "Front-end", "Front-end", "{8C6E7C3F-B495-432C-B877-F28E389ACC10}"
EndProject
Project("{FAE04EC0-301F-11D3-BF4B-00C04F79EFBC}") = "TSWMS.Gateway.Api", "Services\TSWMS.Gateway.Api\TSWMS.Gateway.Api.csproj", "{2F738116-2F21-47CF-8F4C-AD9BC9564251}"
EndProject
Project("{FAE04EC0-301F-11D3-BF4B-00C04F79EFBC}") = "TSWMS.WebApp", "Front-end\TSWMS.WebApp\TSWMS.WebApp.csproj", "{4BE05FD2-C19F-BECC-B397-3D88BACDE867}"
EndProject
Global
	GlobalSection(SolutionConfigurationPlatforms) = preSolution
		Debug|Any CPU = Debug|Any CPU
		Release|Any CPU = Release|Any CPU
	EndGlobalSection
	GlobalSection(ProjectConfigurationPlatforms) = postSolution
		{2F738116-2F21-47CF-8F4C-AD9BC9564251}.Debug|Any CPU.ActiveCfg = Debug|Any CPU
		{2F738116-2F21-47CF-8F4C-AD9BC9564251}.Debug|Any CPU.Build.0 = Debug|Any CPU
		{2F738116-2F21-47CF-8F4C-AD9BC9564251}.Release|Any CPU.ActiveCfg = Release|Any CPU
		{2F738116-2F21-47CF-8F4C-AD9BC9564251}.Release|Any CPU.Build.0 = Release|Any CPU
		{4BE05FD2-C19F-BECC-B397-3D88BACDE867}.Debug|Any CPU.ActiveCfg = Debug|Any CPU
		{4BE05FD2-C19F-BECC-B397-3D88BACDE867}.Debug|Any CPU.Build.0 = Debug|Any CPU
		{4BE05FD2-C19F-BECC-B397-3D88BACDE867}.Release|Any CPU.ActiveCfg = Release|Any CPU
		{4BE05FD2-C19F-BECC-B397-3D88BACDE867}.Release|Any CPU.Build.0 = Release|Any CPU
	EndGlobalSection
	GlobalSection(SolutionProperties) = preSolution
		HideSolutionNode = FALSE
	EndGlobalSection
	GlobalSection(NestedProjects) = preSolution
		{2F738116-2F21-47CF-8F4C-AD9BC9564251} = {02EA681E-C7D8-13C7-8484-4AC65E1B71E8}
		{4BE05FD2-C19F-BECC-B397-3D88BACDE867} = {8C6E7C3F-B495-432C-B877-F28E389ACC10}
	EndGlobalSection
	GlobalSection(ExtensibilityGlobals) = postSolution
		SolutionGuid = {24EBDBC2-2D07-439D-A878-A78C8183F305}
	EndGlobalSection
EndGlobal
