
Microsoft Visual Studio Solution File, Format Version 12.00
# Visual Studio Version 17
VisualStudioVersion = 17.7.34221.43
MinimumVisualStudioVersion = 10.0.40219.1
Project("{FAE04EC0-301F-11D3-BF4B-00C04F79EFBC}") = "TSWMS.User.Service.Api", "TSWMS.User.Service.Api\TSWMS.User.Service.Api.csproj", "{511EE122-A38C-C10D-66E6-8F108B552DFD}"
EndProject
Project("{FAE04EC0-301F-11D3-BF4B-00C04F79EFBC}") = "TSWMS.UserService.Business", "TSWMS.User.Service.Business\TSWMS.UserService.Business.csproj", "{81935A91-E5EF-EA8B-9D59-0995141C97F5}"
EndProject
Project("{FAE04EC0-301F-11D3-BF4B-00C04F79EFBC}") = "TSWMS.UserService.Configurations", "TSWMS.User.Service.Configurations\TSWMS.UserService.Configurations.csproj", "{9AEF09DD-4197-4DAD-43E3-54BA96CA5535}"
EndProject
Project("{FAE04EC0-301F-11D3-BF4B-00C04F79EFBC}") = "TSWMS.UserService.Data", "TSWMS.User.Service.Data\TSWMS.UserService.Data.csproj", "{54F0C1E2-0E19-BFF3-99F0-4CB17BA2F41D}"
EndProject
Project("{FAE04EC0-301F-11D3-BF4B-00C04F79EFBC}") = "TSWMS.UserService.Shared", "TSWMS.User.Service.Shared\TSWMS.UserService.Shared.csproj", "{3377BC76-31C4-E238-B4FB-29FC4E996639}"
EndProject
Global
	GlobalSection(SolutionConfigurationPlatforms) = preSolution
		Debug|Any CPU = Debug|Any CPU
		Release|Any CPU = Release|Any CPU
	EndGlobalSection
	GlobalSection(ProjectConfigurationPlatforms) = postSolution
		{511EE122-A38C-C10D-66E6-8F108B552DFD}.Debug|Any CPU.ActiveCfg = Debug|Any CPU
		{511EE122-A38C-C10D-66E6-8F108B552DFD}.Debug|Any CPU.Build.0 = Debug|Any CPU
		{511EE122-A38C-C10D-66E6-8F108B552DFD}.Release|Any CPU.ActiveCfg = Release|Any CPU
		{511EE122-A38C-C10D-66E6-8F108B552DFD}.Release|Any CPU.Build.0 = Release|Any CPU
		{81935A91-E5EF-EA8B-9D59-0995141C97F5}.Debug|Any CPU.ActiveCfg = Debug|Any CPU
		{81935A91-E5EF-EA8B-9D59-0995141C97F5}.Debug|Any CPU.Build.0 = Debug|Any CPU
		{81935A91-E5EF-EA8B-9D59-0995141C97F5}.Release|Any CPU.ActiveCfg = Release|Any CPU
		{81935A91-E5EF-EA8B-9D59-0995141C97F5}.Release|Any CPU.Build.0 = Release|Any CPU
		{9AEF09DD-4197-4DAD-43E3-54BA96CA5535}.Debug|Any CPU.ActiveCfg = Debug|Any CPU
		{9AEF09DD-4197-4DAD-43E3-54BA96CA5535}.Debug|Any CPU.Build.0 = Debug|Any CPU
		{9AEF09DD-4197-4DAD-43E3-54BA96CA5535}.Release|Any CPU.ActiveCfg = Release|Any CPU
		{9AEF09DD-4197-4DAD-43E3-54BA96CA5535}.Release|Any CPU.Build.0 = Release|Any CPU
		{54F0C1E2-0E19-BFF3-99F0-4CB17BA2F41D}.Debug|Any CPU.ActiveCfg = Debug|Any CPU
		{54F0C1E2-0E19-BFF3-99F0-4CB17BA2F41D}.Debug|Any CPU.Build.0 = Debug|Any CPU
		{54F0C1E2-0E19-BFF3-99F0-4CB17BA2F41D}.Release|Any CPU.ActiveCfg = Release|Any CPU
		{54F0C1E2-0E19-BFF3-99F0-4CB17BA2F41D}.Release|Any CPU.Build.0 = Release|Any CPU
		{3377BC76-31C4-E238-B4FB-29FC4E996639}.Debug|Any CPU.ActiveCfg = Debug|Any CPU
		{3377BC76-31C4-E238-B4FB-29FC4E996639}.Debug|Any CPU.Build.0 = Debug|Any CPU
		{3377BC76-31C4-E238-B4FB-29FC4E996639}.Release|Any CPU.ActiveCfg = Release|Any CPU
		{3377BC76-31C4-E238-B4FB-29FC4E996639}.Release|Any CPU.Build.0 = Release|Any CPU
	EndGlobalSection
	GlobalSection(SolutionProperties) = preSolution
		HideSolutionNode = FALSE
	EndGlobalSection
	GlobalSection(ExtensibilityGlobals) = postSolution
		SolutionGuid = {B005D98E-EA21-45FF-AF85-AE553851F18D}
	EndGlobalSection
EndGlobal
