
Microsoft Visual Studio Solution File, Format Version 12.00
# Visual Studio Version 17
VisualStudioVersion = 17.13.35828.75
MinimumVisualStudioVersion = 10.0.40219.1
Project("{FAE04EC0-301F-11D3-BF4B-00C04F79EFBC}") = "TSWMS.OrderService.Api", "TSWMS.OrderService.Api\TSWMS.OrderService.Api.csproj", "{4B47CBF2-D3CE-4B43-B4A0-7297D7503EE7}"
EndProject
Project("{FAE04EC0-301F-11D3-BF4B-00C04F79EFBC}") = "TSWMS.OrderService.Business", "TSWMS.OrderService.Business\TSWMS.OrderService.Business.csproj", "{5DBC731B-F7BD-42E7-8F2B-6B947AE390B5}"
EndProject
Project("{FAE04EC0-301F-11D3-BF4B-00C04F79EFBC}") = "TSWMS.OrderService.Data", "TSWMS.OrderService.Data\TSWMS.OrderService.Data.csproj", "{E94FE039-8750-4790-8689-053D7DDDFC5B}"
EndProject
Project("{FAE04EC0-301F-11D3-BF4B-00C04F79EFBC}") = "TSWMS.OrderService.Shared", "TSWMS.OrderService.Shared\TSWMS.OrderService.Shared.csproj", "{F4580561-7E09-48D3-860E-BB13F69F1590}"
EndProject
Project("{FAE04EC0-301F-11D3-BF4B-00C04F79EFBC}") = "TSWMS.OrderService.Configurations", "TSWMS.OrderService.Configurations\TSWMS.OrderService.Configurations.csproj", "{924FA7E4-C6A7-453B-A612-AE986025850D}"
EndProject
Project("{2150E333-8FDC-42A3-9474-1A3956D46DE8}") = "Tests", "Tests", "{02EA681E-C7D8-13C7-8484-4AC65E1B71E8}"
EndProject
Project("{2150E333-8FDC-42A3-9474-1A3956D46DE8}") = "Solution Items", "Solution Items", "{8EC462FD-D22E-90A8-E5CE-7E832BA40C5D}"
	ProjectSection(SolutionItems) = preProject
		.dockerignore = .dockerignore
		docker-compose.yml = docker-compose.yml
		Dockerfile = Dockerfile
		README.md = README.md
	EndProjectSection
EndProject
Project("{FAE04EC0-301F-11D3-BF4B-00C04F79EFBC}") = "TSWMS.OrderService.Api.IntegrationTests", "TSWMS.OrderService.Api.IntegrationTests\TSWMS.OrderService.Api.IntegrationTests.csproj", "{76AC9C5A-4CFE-8858-3D05-D7181407D0C7}"
EndProject
Project("{FAE04EC0-301F-11D3-BF4B-00C04F79EFBC}") = "TSWMS.OrderService.Business.UnitTests", "TSWMS.OrderService.Business.UnitTests\TSWMS.OrderService.Business.UnitTests.csproj", "{10EA759E-0389-647D-346D-270188EAC5ED}"
EndProject
Project("{FAE04EC0-301F-11D3-BF4B-00C04F79EFBC}") = "TSWMS.OrderService.Data.UnitTests", "TSWMS.OrderService.Data.UnitTests\TSWMS.OrderService.Data.UnitTests.csproj", "{6CCFECC2-578B-4E2F-72D8-0B548EBC7911}"
EndProject
Global
	GlobalSection(SolutionConfigurationPlatforms) = preSolution
		Debug|Any CPU = Debug|Any CPU
		Release|Any CPU = Release|Any CPU
	EndGlobalSection
	GlobalSection(ProjectConfigurationPlatforms) = postSolution
		{4B47CBF2-D3CE-4B43-B4A0-7297D7503EE7}.Debug|Any CPU.ActiveCfg = Debug|Any CPU
		{4B47CBF2-D3CE-4B43-B4A0-7297D7503EE7}.Debug|Any CPU.Build.0 = Debug|Any CPU
		{4B47CBF2-D3CE-4B43-B4A0-7297D7503EE7}.Release|Any CPU.ActiveCfg = Release|Any CPU
		{4B47CBF2-D3CE-4B43-B4A0-7297D7503EE7}.Release|Any CPU.Build.0 = Release|Any CPU
		{5DBC731B-F7BD-42E7-8F2B-6B947AE390B5}.Debug|Any CPU.ActiveCfg = Debug|Any CPU
		{5DBC731B-F7BD-42E7-8F2B-6B947AE390B5}.Debug|Any CPU.Build.0 = Debug|Any CPU
		{5DBC731B-F7BD-42E7-8F2B-6B947AE390B5}.Release|Any CPU.ActiveCfg = Release|Any CPU
		{5DBC731B-F7BD-42E7-8F2B-6B947AE390B5}.Release|Any CPU.Build.0 = Release|Any CPU
		{E94FE039-8750-4790-8689-053D7DDDFC5B}.Debug|Any CPU.ActiveCfg = Debug|Any CPU
		{E94FE039-8750-4790-8689-053D7DDDFC5B}.Debug|Any CPU.Build.0 = Debug|Any CPU
		{E94FE039-8750-4790-8689-053D7DDDFC5B}.Release|Any CPU.ActiveCfg = Release|Any CPU
		{E94FE039-8750-4790-8689-053D7DDDFC5B}.Release|Any CPU.Build.0 = Release|Any CPU
		{F4580561-7E09-48D3-860E-BB13F69F1590}.Debug|Any CPU.ActiveCfg = Debug|Any CPU
		{F4580561-7E09-48D3-860E-BB13F69F1590}.Debug|Any CPU.Build.0 = Debug|Any CPU
		{F4580561-7E09-48D3-860E-BB13F69F1590}.Release|Any CPU.ActiveCfg = Release|Any CPU
		{F4580561-7E09-48D3-860E-BB13F69F1590}.Release|Any CPU.Build.0 = Release|Any CPU
		{924FA7E4-C6A7-453B-A612-AE986025850D}.Debug|Any CPU.ActiveCfg = Debug|Any CPU
		{924FA7E4-C6A7-453B-A612-AE986025850D}.Debug|Any CPU.Build.0 = Debug|Any CPU
		{924FA7E4-C6A7-453B-A612-AE986025850D}.Release|Any CPU.ActiveCfg = Release|Any CPU
		{924FA7E4-C6A7-453B-A612-AE986025850D}.Release|Any CPU.Build.0 = Release|Any CPU
		{76AC9C5A-4CFE-8858-3D05-D7181407D0C7}.Debug|Any CPU.ActiveCfg = Debug|Any CPU
		{76AC9C5A-4CFE-8858-3D05-D7181407D0C7}.Debug|Any CPU.Build.0 = Debug|Any CPU
		{76AC9C5A-4CFE-8858-3D05-D7181407D0C7}.Release|Any CPU.ActiveCfg = Release|Any CPU
		{76AC9C5A-4CFE-8858-3D05-D7181407D0C7}.Release|Any CPU.Build.0 = Release|Any CPU
		{10EA759E-0389-647D-346D-270188EAC5ED}.Debug|Any CPU.ActiveCfg = Debug|Any CPU
		{10EA759E-0389-647D-346D-270188EAC5ED}.Debug|Any CPU.Build.0 = Debug|Any CPU
		{10EA759E-0389-647D-346D-270188EAC5ED}.Release|Any CPU.ActiveCfg = Release|Any CPU
		{10EA759E-0389-647D-346D-270188EAC5ED}.Release|Any CPU.Build.0 = Release|Any CPU
		{6CCFECC2-578B-4E2F-72D8-0B548EBC7911}.Debug|Any CPU.ActiveCfg = Debug|Any CPU
		{6CCFECC2-578B-4E2F-72D8-0B548EBC7911}.Debug|Any CPU.Build.0 = Debug|Any CPU
		{6CCFECC2-578B-4E2F-72D8-0B548EBC7911}.Release|Any CPU.ActiveCfg = Release|Any CPU
		{6CCFECC2-578B-4E2F-72D8-0B548EBC7911}.Release|Any CPU.Build.0 = Release|Any CPU
	EndGlobalSection
	GlobalSection(SolutionProperties) = preSolution
		HideSolutionNode = FALSE
	EndGlobalSection
	GlobalSection(NestedProjects) = preSolution
		{76AC9C5A-4CFE-8858-3D05-D7181407D0C7} = {02EA681E-C7D8-13C7-8484-4AC65E1B71E8}
		{10EA759E-0389-647D-346D-270188EAC5ED} = {02EA681E-C7D8-13C7-8484-4AC65E1B71E8}
		{6CCFECC2-578B-4E2F-72D8-0B548EBC7911} = {02EA681E-C7D8-13C7-8484-4AC65E1B71E8}
	EndGlobalSection
	GlobalSection(ExtensibilityGlobals) = postSolution
		SolutionGuid = {8F921919-79AD-4D7D-9A42-B483781DD855}
	EndGlobalSection
EndGlobal
